
Microsoft Visual Studio Solution File, Format Version 12.00
# Visual Studio Version 17
VisualStudioVersion = 17.9.34622.214
MinimumVisualStudioVersion = 10.0.40219.1
Project("{FAE04EC0-301F-11D3-BF4B-00C04F79EFBC}") = "Login Reg form", "Login Reg form\Login Reg form.csproj", "{A717708F-B93D-4C5C-92EE-2C789FA24CBF}"
EndProject
Global
	GlobalSection(SolutionConfigurationPlatforms) = preSolution
		Debug|Any CPU = Debug|Any CPU
		Release|Any CPU = Release|Any CPU
	EndGlobalSection
	GlobalSection(ProjectConfigurationPlatforms) = postSolution
		{A717708F-B93D-4C5C-92EE-2C789FA24CBF}.Debug|Any CPU.ActiveCfg = Debug|Any CPU
		{A717708F-B93D-4C5C-92EE-2C789FA24CBF}.Debug|Any CPU.Build.0 = Debug|Any CPU
		{A717708F-B93D-4C5C-92EE-2C789FA24CBF}.Release|Any CPU.ActiveCfg = Release|Any CPU
		{A717708F-B93D-4C5C-92EE-2C789FA24CBF}.Release|Any CPU.Build.0 = Release|Any CPU
	EndGlobalSection
	GlobalSection(SolutionProperties) = preSolution
		HideSolutionNode = FALSE
	EndGlobalSection
	GlobalSection(ExtensibilityGlobals) = postSolution
		SolutionGuid = {89ABD66E-4923-4CF0-ACD7-D75E89937D4C}
	EndGlobalSection
EndGlobal
